
Microsoft Visual Studio Solution File, Format Version 12.00
# Visual Studio Version 17
VisualStudioVersion = 17.4.33213.308
MinimumVisualStudioVersion = 10.0.40219.1
Project("{FAE04EC0-301F-11D3-BF4B-00C04F79EFBC}") = "Plugin", "Plugin\Plugin.csproj", "{B18DBF22-F0AB-492A-9509-C6B21DB81658}"
EndProject
Global
	GlobalSection(SolutionConfigurationPlatforms) = preSolution
		Debug|Any CPU = Debug|Any CPU
		Release|Any CPU = Release|Any CPU
	EndGlobalSection
	GlobalSection(ProjectConfigurationPlatforms) = postSolution
		{B18DBF22-F0AB-492A-9509-C6B21DB81658}.Debug|Any CPU.ActiveCfg = Debug|Any CPU
		{B18DBF22-F0AB-492A-9509-C6B21DB81658}.Debug|Any CPU.Build.0 = Debug|Any CPU
		{B18DBF22-F0AB-492A-9509-C6B21DB81658}.Release|Any CPU.ActiveCfg = Release|Any CPU
		{B18DBF22-F0AB-492A-9509-C6B21DB81658}.Release|Any CPU.Build.0 = Release|Any CPU
	EndGlobalSection
	GlobalSection(SolutionProperties) = preSolution
		HideSolutionNode = FALSE
	EndGlobalSection
	GlobalSection(ExtensibilityGlobals) = postSolution
		SolutionGuid = {99375078-D1DE-438A-A3E1-3BDEBF7BD48B}
	EndGlobalSection
EndGlobal
