
Microsoft Visual Studio Solution File, Format Version 12.00
# Visual Studio Version 17
VisualStudioVersion = 17.4.33213.308
MinimumVisualStudioVersion = 10.0.40219.1
Project("{9A19103F-16F7-4668-BE54-9A1E7A4F7556}") = "L2_1", "WinFormsApp1\L2_1.csproj", "{9FA15F61-5F31-4FA1-92BE-407FAE18419B}"
EndProject
Global
	GlobalSection(SolutionConfigurationPlatforms) = preSolution
		Debug|Any CPU = Debug|Any CPU
		Release|Any CPU = Release|Any CPU
	EndGlobalSection
	GlobalSection(ProjectConfigurationPlatforms) = postSolution
		{9FA15F61-5F31-4FA1-92BE-407FAE18419B}.Debug|Any CPU.ActiveCfg = Debug|Any CPU
		{9FA15F61-5F31-4FA1-92BE-407FAE18419B}.Debug|Any CPU.Build.0 = Debug|Any CPU
		{9FA15F61-5F31-4FA1-92BE-407FAE18419B}.Release|Any CPU.ActiveCfg = Release|Any CPU
		{9FA15F61-5F31-4FA1-92BE-407FAE18419B}.Release|Any CPU.Build.0 = Release|Any CPU
	EndGlobalSection
	GlobalSection(SolutionProperties) = preSolution
		HideSolutionNode = FALSE
	EndGlobalSection
	GlobalSection(ExtensibilityGlobals) = postSolution
		SolutionGuid = {98FB2872-FB5D-41E0-814F-E8627151710F}
	EndGlobalSection
EndGlobal
