
Microsoft Visual Studio Solution File, Format Version 12.00
# Visual Studio Version 17
VisualStudioVersion = 17.4.33213.308
MinimumVisualStudioVersion = 10.0.40219.1
Project("{FAE04EC0-301F-11D3-BF4B-00C04F79EFBC}") = "MyCoolImage", "MyCoolImage\MyCoolImage.csproj", "{61B32040-844B-41A2-8444-58CBBF0847C9}"
EndProject
Global
	GlobalSection(SolutionConfigurationPlatforms) = preSolution
		Debug|Any CPU = Debug|Any CPU
		Release|Any CPU = Release|Any CPU
	EndGlobalSection
	GlobalSection(ProjectConfigurationPlatforms) = postSolution
		{61B32040-844B-41A2-8444-58CBBF0847C9}.Debug|Any CPU.ActiveCfg = Debug|Any CPU
		{61B32040-844B-41A2-8444-58CBBF0847C9}.Debug|Any CPU.Build.0 = Debug|Any CPU
		{61B32040-844B-41A2-8444-58CBBF0847C9}.Release|Any CPU.ActiveCfg = Release|Any CPU
		{61B32040-844B-41A2-8444-58CBBF0847C9}.Release|Any CPU.Build.0 = Release|Any CPU
	EndGlobalSection
	GlobalSection(SolutionProperties) = preSolution
		HideSolutionNode = FALSE
	EndGlobalSection
	GlobalSection(ExtensibilityGlobals) = postSolution
		SolutionGuid = {49EDE9E9-A071-43D1-85AC-1B71864E3B31}
	EndGlobalSection
EndGlobal
